
Microsoft Visual Studio Solution File, Format Version 12.00
# Visual Studio Version 17
VisualStudioVersion = 17.8.34309.116
MinimumVisualStudioVersion = 10.0.40219.1
Project("{FAE04EC0-301F-11D3-BF4B-00C04F79EFBC}") = "GestionEtudiant", "GestionEtudiant\GestionEtudiant.csproj", "{849954C3-9A9B-4214-BAE7-34CD54740C7B}"
EndProject
Global
	GlobalSection(SolutionConfigurationPlatforms) = preSolution
		Debug|Any CPU = Debug|Any CPU
		Release|Any CPU = Release|Any CPU
	EndGlobalSection
	GlobalSection(ProjectConfigurationPlatforms) = postSolution
		{849954C3-9A9B-4214-BAE7-34CD54740C7B}.Debug|Any CPU.ActiveCfg = Debug|Any CPU
		{849954C3-9A9B-4214-BAE7-34CD54740C7B}.Debug|Any CPU.Build.0 = Debug|Any CPU
		{849954C3-9A9B-4214-BAE7-34CD54740C7B}.Release|Any CPU.ActiveCfg = Release|Any CPU
		{849954C3-9A9B-4214-BAE7-34CD54740C7B}.Release|Any CPU.Build.0 = Release|Any CPU
	EndGlobalSection
	GlobalSection(SolutionProperties) = preSolution
		HideSolutionNode = FALSE
	EndGlobalSection
	GlobalSection(ExtensibilityGlobals) = postSolution
		SolutionGuid = {91A05255-BD5C-4B8B-B464-DD9F9CA26492}
	EndGlobalSection
EndGlobal
